
Microsoft Visual Studio Solution File, Format Version 12.00
# Visual Studio 14
VisualStudioVersion = 14.0.23107.0
MinimumVisualStudioVersion = 10.0.40219.1
Project("{FAE04EC0-301F-11D3-BF4B-00C04F79EFBC}") = "UnitTests", "UnitTests\UnitTests.csproj", "{EA3C3583-7D92-4541-A98A-2AA886E095CD}"
EndProject
Project("{FAE04EC0-301F-11D3-BF4B-00C04F79EFBC}") = "ChainGUI", "ChainGUI\ChainGUI.csproj", "{7CD7C6A1-712C-4424-9642-D01845EDC023}"
EndProject
Project("{FAE04EC0-301F-11D3-BF4B-00C04F79EFBC}") = "LogicImplementation", "LogicImplementation\LogicImplementation.csproj", "{9BCE87E8-7DDB-4FF6-894B-12E9CCF2BC06}"
EndProject
Project("{FAE04EC0-301F-11D3-BF4B-00C04F79EFBC}") = "LogicInterface", "LogicInterface\LogicInterface.csproj", "{E6E092D8-EA59-4BE4-AE03-EB3BF276EB7B}"
EndProject
Global
	GlobalSection(SolutionConfigurationPlatforms) = preSolution
		Debug|Any CPU = Debug|Any CPU
		Release|Any CPU = Release|Any CPU
	EndGlobalSection
	GlobalSection(ProjectConfigurationPlatforms) = postSolution
		{EA3C3583-7D92-4541-A98A-2AA886E095CD}.Debug|Any CPU.ActiveCfg = Debug|Any CPU
		{EA3C3583-7D92-4541-A98A-2AA886E095CD}.Debug|Any CPU.Build.0 = Debug|Any CPU
		{EA3C3583-7D92-4541-A98A-2AA886E095CD}.Release|Any CPU.ActiveCfg = Release|Any CPU
		{EA3C3583-7D92-4541-A98A-2AA886E095CD}.Release|Any CPU.Build.0 = Release|Any CPU
		{7CD7C6A1-712C-4424-9642-D01845EDC023}.Debug|Any CPU.ActiveCfg = Debug|Any CPU
		{7CD7C6A1-712C-4424-9642-D01845EDC023}.Debug|Any CPU.Build.0 = Debug|Any CPU
		{7CD7C6A1-712C-4424-9642-D01845EDC023}.Release|Any CPU.ActiveCfg = Release|Any CPU
		{7CD7C6A1-712C-4424-9642-D01845EDC023}.Release|Any CPU.Build.0 = Release|Any CPU
		{9BCE87E8-7DDB-4FF6-894B-12E9CCF2BC06}.Debug|Any CPU.ActiveCfg = Debug|Any CPU
		{9BCE87E8-7DDB-4FF6-894B-12E9CCF2BC06}.Debug|Any CPU.Build.0 = Debug|Any CPU
		{9BCE87E8-7DDB-4FF6-894B-12E9CCF2BC06}.Release|Any CPU.ActiveCfg = Release|Any CPU
		{9BCE87E8-7DDB-4FF6-894B-12E9CCF2BC06}.Release|Any CPU.Build.0 = Release|Any CPU
		{E6E092D8-EA59-4BE4-AE03-EB3BF276EB7B}.Debug|Any CPU.ActiveCfg = Debug|Any CPU
		{E6E092D8-EA59-4BE4-AE03-EB3BF276EB7B}.Debug|Any CPU.Build.0 = Debug|Any CPU
		{E6E092D8-EA59-4BE4-AE03-EB3BF276EB7B}.Release|Any CPU.ActiveCfg = Release|Any CPU
		{E6E092D8-EA59-4BE4-AE03-EB3BF276EB7B}.Release|Any CPU.Build.0 = Release|Any CPU
	EndGlobalSection
	GlobalSection(SolutionProperties) = preSolution
		HideSolutionNode = FALSE
	EndGlobalSection
EndGlobal
