
Microsoft Visual Studio Solution File, Format Version 12.00
# Visual Studio 14
VisualStudioVersion = 14.0.23107.0
MinimumVisualStudioVersion = 10.0.40219.1
Project("{FAE04EC0-301F-11D3-BF4B-00C04F79EFBC}") = "FourierProject", "FourierProject\FourierProject.csproj", "{E624EAD1-B2B6-4B13-A061-673FDB3942DD}"
EndProject
Project("{FAE04EC0-301F-11D3-BF4B-00C04F79EFBC}") = "LogicImplementation", "LogicImplementation\LogicImplementation.csproj", "{036E527D-C206-46FF-8F1C-FDF4DF60B77E}"
EndProject
Global
	GlobalSection(SolutionConfigurationPlatforms) = preSolution
		Debug|Any CPU = Debug|Any CPU
		Release|Any CPU = Release|Any CPU
	EndGlobalSection
	GlobalSection(ProjectConfigurationPlatforms) = postSolution
		{E624EAD1-B2B6-4B13-A061-673FDB3942DD}.Debug|Any CPU.ActiveCfg = Debug|Any CPU
		{E624EAD1-B2B6-4B13-A061-673FDB3942DD}.Debug|Any CPU.Build.0 = Debug|Any CPU
		{E624EAD1-B2B6-4B13-A061-673FDB3942DD}.Release|Any CPU.ActiveCfg = Release|Any CPU
		{E624EAD1-B2B6-4B13-A061-673FDB3942DD}.Release|Any CPU.Build.0 = Release|Any CPU
		{036E527D-C206-46FF-8F1C-FDF4DF60B77E}.Debug|Any CPU.ActiveCfg = Debug|Any CPU
		{036E527D-C206-46FF-8F1C-FDF4DF60B77E}.Debug|Any CPU.Build.0 = Debug|Any CPU
		{036E527D-C206-46FF-8F1C-FDF4DF60B77E}.Release|Any CPU.ActiveCfg = Release|Any CPU
		{036E527D-C206-46FF-8F1C-FDF4DF60B77E}.Release|Any CPU.Build.0 = Release|Any CPU
	EndGlobalSection
	GlobalSection(SolutionProperties) = preSolution
		HideSolutionNode = FALSE
	EndGlobalSection
EndGlobal
